// !$*UTF8*$!
{
	archiveVersion = 1;
	classes = {
	};
	objectVersion = 48;
	objects = {

/* Begin PBXBuildFile section */
		BB8F16F51FBD8F2D007ECD70 /* ImageViewController.swift in Sources */ = {isa = PBXBuildFile; fileRef = BB8F16F41FBD8F2D007ECD70 /* ImageViewController.swift */; };
		BBA54BB61FACB63600C53626 /* AppDelegate.swift in Sources */ = {isa = PBXBuildFile; fileRef = BBA54BB51FACB63600C53626 /* AppDelegate.swift */; };
		BBA54BB81FACB63600C53626 /* ViewController.swift in Sources */ = {isa = PBXBuildFile; fileRef = BBA54BB71FACB63600C53626 /* ViewController.swift */; };
		BBA54BBB1FACB63700C53626 /* Main.storyboard in Resources */ = {isa = PBXBuildFile; fileRef = BBA54BB91FACB63600C53626 /* Main.storyboard */; };
		BBA54BBD1FACB63700C53626 /* Assets.xcassets in Resources */ = {isa = PBXBuildFile; fileRef = BBA54BBC1FACB63700C53626 /* Assets.xcassets */; };
		BBA54BC01FACB63700C53626 /* LaunchScreen.storyboard in Resources */ = {isa = PBXBuildFile; fileRef = BBA54BBE1FACB63700C53626 /* LaunchScreen.storyboard */; };
/* End PBXBuildFile section */

/* Begin PBXFileReference section */
		BB8F16F41FBD8F2D007ECD70 /* ImageViewController.swift */ = {isa = PBXFileReference; lastKnownFileType = sourcecode.swift; path = ImageViewController.swift; sourceTree = "<group>"; };
		BBA54BB21FACB63600C53626 /* FoteskyFiddle.app */ = {isa = PBXFileReference; explicitFileType = wrapper.application; includeInIndex = 0; path = FoteskyFiddle.app; sourceTree = BUILT_PRODUCTS_DIR; };
		BBA54BB51FACB63600C53626 /* AppDelegate.swift */ = {isa = PBXFileReference; lastKnownFileType = sourcecode.swift; path = AppDelegate.swift; sourceTree = "<group>"; };
		BBA54BB71FACB63600C53626 /* ViewController.swift */ = {isa = PBXFileReference; lastKnownFileType = sourcecode.swift; path = ViewController.swift; sourceTree = "<group>"; };
		BBA54BBA1FACB63700C53626 /* Base */ = {isa = PBXFileReference; lastKnownFileType = file.storyboard; name = Base; path = Base.lproj/Main.storyboard; sourceTree = "<group>"; };
		BBA54BBC1FACB63700C53626 /* Assets.xcassets */ = {isa = PBXFileReference; lastKnownFileType = folder.assetcatalog; path = Assets.xcassets; sourceTree = "<group>"; };
		BBA54BBF1FACB63700C53626 /* Base */ = {isa = PBXFileReference; lastKnownFileType = file.storyboard; name = Base; path = Base.lproj/LaunchScreen.storyboard; sourceTree = "<group>"; };
		BBA54BC11FACB63700C53626 /* Info.plist */ = {isa = PBXFileReference; lastKnownFileType = text.plist.xml; path = Info.plist; sourceTree = "<group>"; };
/* End PBXFileReference section */

/* Begin PBXFrameworksBuildPhase section */
		BBA54BAF1FACB63600C53626 /* Frameworks */ = {
			isa = PBXFrameworksBuildPhase;
			buildActionMask = 2147483647;
			files = (
			);
			runOnlyForDeploymentPostprocessing = 0;
		};
/* End PBXFrameworksBuildPhase section */

/* Begin PBXGroup section */
		BB8F16F61FBD8F62007ECD70 /* Support Files */ = {
			isa = PBXGroup;
			children = (
				BBA54BB51FACB63600C53626 /* AppDelegate.swift */,
				BBA54BBC1FACB63700C53626 /* Assets.xcassets */,
				BBA54BBE1FACB63700C53626 /* LaunchScreen.storyboard */,
				BBA54BC11FACB63700C53626 /* Info.plist */,
			);
			path = "Support Files";
			sourceTree = "<group>";
		};
		BBA54BA91FACB63600C53626 = {
			isa = PBXGroup;
			children = (
				BBA54BB41FACB63600C53626 /* FoteskyFiddle */,
				BBA54BB31FACB63600C53626 /* Products */,
			);
			sourceTree = "<group>";
		};
		BBA54BB31FACB63600C53626 /* Products */ = {
			isa = PBXGroup;
			children = (
				BBA54BB21FACB63600C53626 /* FoteskyFiddle.app */,
			);
			name = Products;
			sourceTree = "<group>";
		};
		BBA54BB41FACB63600C53626 /* FoteskyFiddle */ = {
			isa = PBXGroup;
			children = (
				BBA54BB91FACB63600C53626 /* Main.storyboard */,
				BBA54BB71FACB63600C53626 /* ViewController.swift */,
				BB8F16F41FBD8F2D007ECD70 /* ImageViewController.swift */,
				BB8F16F61FBD8F62007ECD70 /* Support Files */,
			);
			path = FoteskyFiddle;
			sourceTree = "<group>";
		};
/* End PBXGroup section */

/* Begin PBXNativeTarget section */
		BBA54BB11FACB63600C53626 /* FoteskyFiddle */ = {
			isa = PBXNativeTarget;
			buildConfigurationList = BBA54BC41FACB63700C53626 /* Build configuration list for PBXNativeTarget "FoteskyFiddle" */;
			buildPhases = (
				BBA54BAE1FACB63600C53626 /* Sources */,
				BBA54BAF1FACB63600C53626 /* Frameworks */,
				BBA54BB01FACB63600C53626 /* Resources */,
			);
			buildRules = (
			);
			dependencies = (
			);
			name = FoteskyFiddle;
			productName = FoteskyFiddle;
			productReference = BBA54BB21FACB63600C53626 /* FoteskyFiddle.app */;
			productType = "com.apple.product-type.application";
		};
/* End PBXNativeTarget section */

/* Begin PBXProject section */
		BBA54BAA1FACB63600C53626 /* Project object */ = {
			isa = PBXProject;
			attributes = {
				LastSwiftUpdateCheck = 0900;
				LastUpgradeCheck = 0900;
				ORGANIZATIONNAME = "Pavel Peroutka";
				TargetAttributes = {
					BBA54BB11FACB63600C53626 = {
						CreatedOnToolsVersion = 9.0.1;
						ProvisioningStyle = Automatic;
					};
				};
			};
			buildConfigurationList = BBA54BAD1FACB63600C53626 /* Build configuration list for PBXProject "FoteskyFiddle" */;
			compatibilityVersion = "Xcode 8.0";
			developmentRegion = en;
			hasScannedForEncodings = 0;
			knownRegions = (
				en,
				Base,
			);
			mainGroup = BBA54BA91FACB63600C53626;
			productRefGroup = BBA54BB31FACB63600C53626 /* Products */;
			projectDirPath = "";
			projectRoot = "";
			targets = (
				BBA54BB11FACB63600C53626 /* FoteskyFiddle */,
			);
		};
/* End PBXProject section */

/* Begin PBXResourcesBuildPhase section */
		BBA54BB01FACB63600C53626 /* Resources */ = {
			isa = PBXResourcesBuildPhase;
			buildActionMask = 2147483647;
			files = (
				BBA54BC01FACB63700C53626 /* LaunchScreen.storyboard in Resources */,
				BBA54BBD1FACB63700C53626 /* Assets.xcassets in Resources */,
				BBA54BBB1FACB63700C53626 /* Main.storyboard in Resources */,
			);
			runOnlyForDeploymentPostprocessing = 0;
		};
/* End PBXResourcesBuildPhase section */

/* Begin PBXSourcesBuildPhase section */
		BBA54BAE1FACB63600C53626 /* Sources */ = {
			isa = PBXSourcesBuildPhase;
			buildActionMask = 2147483647;
			files = (
				BBA54BB81FACB63600C53626 /* ViewController.swift in Sources */,
				BB8F16F51FBD8F2D007ECD70 /* ImageViewController.swift in Sources */,
				BBA54BB61FACB63600C53626 /* AppDelegate.swift in Sources */,
			);
			runOnlyForDeploymentPostprocessing = 0;
		};
/* End PBXSourcesBuildPhase section */

/* Begin PBXVariantGroup section */
		BBA54BB91FACB63600C53626 /* Main.storyboard */ = {
			isa = PBXVariantGroup;
			children = (
				BBA54BBA1FACB63700C53626 /* Base */,
			);
			name = Main.storyboard;
			sourceTree = "<group>";
		};
		BBA54BBE1FACB63700C53626 /* LaunchScreen.storyboard */ = {
			isa = PBXVariantGroup;
			children = (
				BBA54BBF1FACB63700C53626 /* Base */,
			);
			name = LaunchScreen.storyboard;
			sourceTree = "<group>";
		};
/* End PBXVariantGroup section */

/* Begin XCBuildConfiguration section */
		BBA54BC21FACB63700C53626 /* Debug */ = {
			isa = XCBuildConfiguration;
			buildSettings = {
				ALWAYS_SEARCH_USER_PATHS = NO;
				CLANG_ANALYZER_NONNULL = YES;
				CLANG_ANALYZER_NUMBER_OBJECT_CONVERSION = YES_AGGRESSIVE;
				CLANG_CXX_LANGUAGE_STANDARD = "gnu++14";
				CLANG_CXX_LIBRARY = "libc++";
				CLANG_ENABLE_MODULES = YES;
				CLANG_ENABLE_OBJC_ARC = YES;
				CLANG_WARN_BLOCK_CAPTURE_AUTORELEASING = YES;
				CLANG_WARN_BOOL_CONVERSION = YES;
				CLANG_WARN_COMMA = YES;
				CLANG_WARN_CONSTANT_CONVERSION = YES;
				CLANG_WARN_DIRECT_OBJC_ISA_USAGE = YES_ERROR;
				CLANG_WARN_DOCUMENTATION_COMMENTS = YES;
				CLANG_WARN_EMPTY_BODY = YES;
				CLANG_WARN_ENUM_CONVERSION = YES;
				CLANG_WARN_INFINITE_RECURSION = YES;
				CLANG_WARN_INT_CONVERSION = YES;
				CLANG_WARN_NON_LITERAL_NULL_CONVERSION = YES;
				CLANG_WARN_OBJC_LITERAL_CONVERSION = YES;
				CLANG_WARN_OBJC_ROOT_CLASS = YES_ERROR;
				CLANG_WARN_RANGE_LOOP_ANALYSIS = YES;
				CLANG_WARN_STRICT_PROTOTYPES = YES;
				CLANG_WARN_SUSPICIOUS_MOVE = YES;
				CLANG_WARN_UNGUARDED_AVAILABILITY = YES_AGGRESSIVE;
				CLANG_WARN_UNREACHABLE_CODE = YES;
				CLANG_WARN__DUPLICATE_METHOD_MATCH = YES;
				CODE_SIGN_IDENTITY = "iPhone Developer";
				COPY_PHASE_STRIP = NO;
				DEBUG_INFORMATION_FORMAT = dwarf;
				ENABLE_STRICT_OBJC_MSGSEND = YES;
				ENABLE_TESTABILITY = YES;
				GCC_C_LANGUAGE_STANDARD = gnu11;
				GCC_DYNAMIC_NO_PIC = NO;
				GCC_NO_COMMON_BLOCKS = YES;
				GCC_OPTIMIZATION_LEVEL = 0;
				GCC_PREPROCESSOR_DEFINITIONS = (
					"DEBUG=1",
					"$(inherited)",
				);
				GCC_WARN_64_TO_32_BIT_CONVERSION = YES;
				GCC_WARN_ABOUT_RETURN_TYPE = YES_ERROR;
				GCC_WARN_UNDECLARED_SELECTOR = YES;
				GCC_WARN_UNINITIALIZED_AUTOS = YES_AGGRESSIVE;
				GCC_WARN_UNUSED_FUNCTION = YES;
				GCC_WARN_UNUSED_VARIABLE = YES;
				IPHONEOS_DEPLOYMENT_TARGET = 11.0;
				MTL_ENABLE_DEBUG_INFO = YES;
				ONLY_ACTIVE_ARCH = YES;
				SDKROOT = iphoneos;
				SWIFT_ACTIVE_COMPILATION_CONDITIONS = DEBUG;
				SWIFT_OPTIMIZATION_LEVEL = "-Onone";
			};
			name = Debug;
		};
		BBA54BC31FACB63700C53626 /* Release */ = {
			isa = XCBuildConfiguration;
			buildSettings = {
				ALWAYS_SEARCH_USER_PATHS = NO;
				CLANG_ANALYZER_NONNULL = YES;
				CLANG_ANALYZER_NUMBER_OBJECT_CONVERSION = YES_AGGRESSIVE;
				CLANG_CXX_LANGUAGE_STANDARD = "gnu++14";
				CLANG_CXX_LIBRARY = "libc++";
				CLANG_ENABLE_MODULES = YES;
				CLANG_ENABLE_OBJC_ARC = YES;
				CLANG_WARN_BLOCK_CAPTURE_AUTORELEASING = YES;
				CLANG_WARN_BOOL_CONVERSION = YES;
				CLANG_WARN_COMMA = YES;
				CLANG_WARN_CONSTANT_CONVERSION = YES;
				CLANG_WARN_DIRECT_OBJC_ISA_USAGE = YES_ERROR;
				CLANG_WARN_DOCUMENTATION_COMMENTS = YES;
				CLANG_WARN_EMPTY_BODY = YES;
				CLANG_WARN_ENUM_CONVERSION = YES;
				CLANG_WARN_INFINITE_RECURSION = YES;
				CLANG_WARN_INT_CONVERSION = YES;
				CLANG_WARN_NON_LITERAL_NULL_CONVERSION = YES;
				CLANG_WARN_OBJC_LITERAL_CONVERSION = YES;
				CLANG_WARN_OBJC_ROOT_CLASS = YES_ERROR;
				CLANG_WARN_RANGE_LOOP_ANALYSIS = YES;
				CLANG_WARN_STRICT_PROTOTYPES = YES;
				CLANG_WARN_SUSPICIOUS_MOVE = YES;
				CLANG_WARN_UNGUARDED_AVAILABILITY = YES_AGGRESSIVE;
				CLANG_WARN_UNREACHABLE_CODE = YES;
				CLANG_WARN__DUPLICATE_METHOD_MATCH = YES;
				CODE_SIGN_IDENTITY = "iPhone Developer";
				COPY_PHASE_STRIP = NO;
				DEBUG_INFORMATION_FORMAT = "dwarf-with-dsym";
				ENABLE_NS_ASSERTIONS = NO;
				ENABLE_STRICT_OBJC_MSGSEND = YES;
				GCC_C_LANGUAGE_STANDARD = gnu11;
				GCC_NO_COMMON_BLOCKS = YES;
				GCC_WARN_64_TO_32_BIT_CONVERSION = YES;
				GCC_WARN_ABOUT_RETURN_TYPE = YES_ERROR;
				GCC_WARN_UNDECLARED_SELECTOR = YES;
				GCC_WARN_UNINITIALIZED_AUTOS = YES_AGGRESSIVE;
				GCC_WARN_UNUSED_FUNCTION = YES;
				GCC_WARN_UNUSED_VARIABLE = YES;
				IPHONEOS_DEPLOYMENT_TARGET = 11.0;
				MTL_ENABLE_DEBUG_INFO = NO;
				SDKROOT = iphoneos;
				SWIFT_OPTIMIZATION_LEVEL = "-Owholemodule";
				VALIDATE_PRODUCT = YES;
			};
			name = Release;
		};
		BBA54BC51FACB63700C53626 /* Debug */ = {
			isa = XCBuildConfiguration;
			buildSettings = {
				ASSETCATALOG_COMPILER_APPICON_NAME = AppIcon;
				CODE_SIGN_STYLE = Automatic;
				DEVELOPMENT_TEAM = EB226A97TZ;
				INFOPLIST_FILE = "FoteskyFiddle/Support Files/Info.plist";
				LD_RUNPATH_SEARCH_PATHS = "$(inherited) @executable_path/Frameworks";
				PRODUCT_BUNDLE_IDENTIFIER = cz.pavelperoutka.FoteskyFiddle;
				PRODUCT_NAME = "$(TARGET_NAME)";
				SWIFT_VERSION = 4.0;
				TARGETED_DEVICE_FAMILY = "1,2";
			};
			name = Debug;
		};
		BBA54BC61FACB63700C53626 /* Release */ = {
			isa = XCBuildConfiguration;
			buildSettings = {
				ASSETCATALOG_COMPILER_APPICON_NAME = AppIcon;
				CODE_SIGN_STYLE = Automatic;
				DEVELOPMENT_TEAM = EB226A97TZ;
				INFOPLIST_FILE = "FoteskyFiddle/Support Files/Info.plist";
				LD_RUNPATH_SEARCH_PATHS = "$(inherited) @executable_path/Frameworks";
				PRODUCT_BUNDLE_IDENTIFIER = cz.pavelperoutka.FoteskyFiddle;
				PRODUCT_NAME = "$(TARGET_NAME)";
				SWIFT_VERSION = 4.0;
				TARGETED_DEVICE_FAMILY = "1,2";
			};
			name = Release;
		};
/* End XCBuildConfiguration section */

/* Begin XCConfigurationList section */
		BBA54BAD1FACB63600C53626 /* Build configuration list for PBXProject "FoteskyFiddle" */ = {
			isa = XCConfigurationList;
			buildConfigurations = (
				BBA54BC21FACB63700C53626 /* Debug */,
				BBA54BC31FACB63700C53626 /* Release */,
			);
			defaultConfigurationIsVisible = 0;
			defaultConfigurationName = Release;
		};
		BBA54BC41FACB63700C53626 /* Build configuration list for PBXNativeTarget "FoteskyFiddle" */ = {
			isa = XCConfigurationList;
			buildConfigurations = (
				BBA54BC51FACB63700C53626 /* Debug */,
				BBA54BC61FACB63700C53626 /* Release */,
			);
			defaultConfigurationIsVisible = 0;
			defaultConfigurationName = Release;
		};
/* End XCConfigurationList section */
	};
	rootObject = BBA54BAA1FACB63600C53626 /* Project object */;
}
